<?xml version="1.0" encoding="UTF-8" standalone="yes" ?>
<CodeBlocks_project_file>
	<FileVersion major="1" minor="6" />
	<Project>
		<Option title="mutom_bundler" />
		<Option pch_mode="2" />
		<Option compiler="gcc" />
		<Build>
			<Target title="Debug">
				<Option output="bin/Debug/mutom_bundler" prefix_auto="1" extension_auto="1" />
				<Option object_output="obj/Debug/" />
				<Option type="1" />
				<Option compiler="gcc" />
				<Compiler>
					<Add option="-Os" />
					<Add option="-O3" />
					<Add option="-O2" />
					<Add option="-O1" />
					<Add option="-O" />
					<Add option="-w" />
					<Add option="-g" />
					<Add directory="/home/gmanfred/devel/libraries/opencv/opencv/build/include" />
					<Add directory="/home/gmanfred/devel/these/projects/mutom_bundler/3rdparty/bundler/lib/5point" />
					<Add directory="/home/gmanfred/devel/these/projects/mutom_bundler/3rdparty/bundler/lib/matrix" />
					<Add directory="/home/gmanfred/devel/these/projects/mutom_bundler/3rdparty/bundler/lib/" />
					<Add directory="/home/gmanfred/devel/these/projects/mutom_bundler/3rdparty/bundler/src" />
					<Add directory="/home/gmanfred/devel/these/projects/mutom_bundler/3rdparty/bundler/lib/sfm-driver" />
					<Add directory="/usr/local/include/pcl-1.7" />
					<Add directory="/usr/include/eigen3/" />
					<Add directory="/usr/include/vtk-5.8/" />
				</Compiler>
				<Linker>
					<Add library="/usr/local/lib/libopencv_core.so" />
					<Add library="/usr/local/lib/libopencv_features2d.so" />
					<Add library="/usr/local/lib/libopencv_flann.so" />
					<Add library="/usr/local/lib/libopencv_imgproc.so" />
					<Add library="/usr/local/lib/libopencv_nonfree.so" />
					<Add library="/usr/local/lib/libopencv_highgui.so" />
					<Add library="/home/gmanfred/devel/sandbox/bundler/lib/5point/lib5point.a" />
					<Add library="/home/gmanfred/devel/sandbox/bundler/lib/imagelib/libimage.a" />
					<Add library="/home/gmanfred/devel/sandbox/bundler/lib/matrix/libmatrix.a" />
					<Add library="/home/gmanfred/devel/sandbox/bundler/lib/minpack/libminpack.a" />
					<Add library="/usr/lib/libblas.so.3gf" />
					<Add library="/usr/lib/liblapack.so.3gf" />
					<Add library="/usr/local/lib/libopencv_calib3d.so" />
					<Add library="/home/gmanfred/devel/libraries/pcl/build/lib/libpcl_visualization.so" />
					<Add library="/usr/lib/libboost_system.so" />
					<Add library="/home/gmanfred/devel/sandbox/bundler/lib/sfm-driver/libsfmdrv.a" />
					<Add library="/home/gmanfred/devel/sandbox/bundler/lib/sba-1.5/libsba.v1.5.a" />
					<Add directory="/home/gmanfred/devel/libraries/opencv/opencv/build/lib/" />
				</Linker>
			</Target>
			<Target title="Release">
				<Option output="bin/Release/mutom_bundler" prefix_auto="1" extension_auto="1" />
				<Option object_output="obj/Release/" />
				<Option type="1" />
				<Option compiler="gcc" />
				<Compiler>
					<Add option="-O2" />
				</Compiler>
				<Linker>
					<Add option="-s" />
				</Linker>
			</Target>
		</Build>
		<Compiler>
			<Add option="-Wall" />
			<Add option="-fexceptions" />
		</Compiler>
		<Unit filename="Bundle.cpp" />
		<Unit filename="Bundle.h" />
		<Unit filename="Frame.cpp" />
		<Unit filename="Frame.h" />
		<Unit filename="Matcher.cpp" />
		<Unit filename="Matcher.h" />
		<Unit filename="Pipeline.cpp" />
		<Unit filename="Pipeline.h" />
		<Unit filename="Poser.cpp" />
		<Unit filename="Poser.h" />
		<Unit filename="Triangulater.cpp" />
		<Unit filename="Triangulater.h" />
		<Unit filename="api.h" />
		<Unit filename="api_convert.cpp" />
		<Unit filename="api_struct.h" />
		<Unit filename="featuresMatch.cpp" />
		<Unit filename="main.cpp" />
		<Unit filename="tools.cpp" />
		<Unit filename="tools.h" />
		<Unit filename="triangulation.cpp" />
		<Unit filename="triangulation.h" />
		<Extensions>
			<code_completion />
			<debugger />
		</Extensions>
	</Project>
</CodeBlocks_project_file>
