<?xml version="1.0" encoding="UTF-8" standalone="yes" ?>
<CodeBlocks_project_file>
	<FileVersion major="1" minor="6" />
	<Project>
		<Option title="fivePointsTest" />
		<Option pch_mode="2" />
		<Option compiler="gcc" />
		<Build>
			<Target title="Debug">
				<Option output="bin/Debug/fivePointsTest" prefix_auto="1" extension_auto="1" />
				<Option object_output="obj/Debug/" />
				<Option type="1" />
				<Option compiler="gcc" />
				<Compiler>
					<Add option="-g" />
					<Add directory="/home/gmanfred/devel/sandbox/libmv/src/" />
					<Add directory="/home/gmanfred/devel/sandbox/libmv/src/third_party/eigen" />
					<Add directory="/home/gmanfred/devel/these/opencv-2.3.1/release/include" />
				</Compiler>
				<Linker>
					<Add library="/home/gmanfred/devel/sandbox/libmv/bin-opt/lib/libmultiview.a" />
					<Add library="/home/gmanfred/devel/these/opencv-2.3.1/release/lib/libopencv_calib3d.so" />
					<Add library="/home/gmanfred/devel/these/opencv-2.3.1/release/lib/libopencv_contrib.so" />
					<Add library="/home/gmanfred/devel/these/opencv-2.3.1/release/lib/libopencv_core.so" />
					<Add library="/home/gmanfred/devel/these/opencv-2.3.1/release/lib/libopencv_features2d.so" />
					<Add library="/home/gmanfred/devel/these/opencv-2.3.1/release/lib/libopencv_flann.so" />
					<Add library="/home/gmanfred/devel/these/opencv-2.3.1/release/lib/libopencv_highgui.so" />
					<Add library="/home/gmanfred/devel/these/opencv-2.3.1/release/lib/libopencv_imgproc.so" />
					<Add library="/home/gmanfred/devel/these/opencv-2.3.1/release/lib/libopencv_objdetect.so" />
					<Add library="/home/gmanfred/devel/these/opencv-2.3.1/release/lib/libopencv_video.so" />
					<Add directory="/home/gmanfred/devel/these/opencv-2.3.1/release/lib" />
				</Linker>
			</Target>
			<Target title="Release">
				<Option output="bin/Release/fivePointsTest" prefix_auto="1" extension_auto="1" />
				<Option object_output="obj/Release/" />
				<Option type="1" />
				<Option compiler="gcc" />
				<Compiler>
					<Add option="-O2" />
				</Compiler>
				<Linker>
					<Add option="-s" />
				</Linker>
			</Target>
		</Build>
		<Compiler>
			<Add option="-Wall" />
			<Add option="-fexceptions" />
		</Compiler>
		<Unit filename="FivePointsWrapper.cpp" />
		<Unit filename="FivePointsWrapper.h" />
		<Unit filename="Matcher.cpp" />
		<Unit filename="Matcher.h" />
		<Unit filename="TriangulationFunctions.cpp" />
		<Unit filename="TriangulationFunctions.h" />
		<Unit filename="auxFunctions.cpp" />
		<Unit filename="auxFunctions.h" />
		<Unit filename="main.cpp" />
		<Extensions>
			<code_completion />
			<debugger />
		</Extensions>
	</Project>
</CodeBlocks_project_file>
